
Microsoft Visual Studio Solution File, Format Version 12.00
# Visual Studio Version 17
VisualStudioVersion = 17.7.34031.279
MinimumVisualStudioVersion = 10.0.40219.1
Project("{9A19103F-16F7-4668-BE54-9A1E7A4F7556}") = "UI", "RenPy-Translation-Tool\UI.csproj", "{64F416DF-44F6-4E88-8EF0-CD4E09127D9B}"
EndProject
Project("{9A19103F-16F7-4668-BE54-9A1E7A4F7556}") = "Core", "Core\Core.csproj", "{802E664A-3544-47BB-94A8-96404B87748A}"
EndProject
Project("{FAE04EC0-301F-11D3-BF4B-00C04F79EFBC}") = "Tests", "Tests\Tests.csproj", "{83B9505B-03F0-4E0D-9483-4F0E5E41E184}"
EndProject
Global
	GlobalSection(SolutionConfigurationPlatforms) = preSolution
		Debug|Any CPU = Debug|Any CPU
		Release|Any CPU = Release|Any CPU
	EndGlobalSection
	GlobalSection(ProjectConfigurationPlatforms) = postSolution
		{64F416DF-44F6-4E88-8EF0-CD4E09127D9B}.Debug|Any CPU.ActiveCfg = Debug|Any CPU
		{64F416DF-44F6-4E88-8EF0-CD4E09127D9B}.Debug|Any CPU.Build.0 = Debug|Any CPU
		{64F416DF-44F6-4E88-8EF0-CD4E09127D9B}.Release|Any CPU.ActiveCfg = Release|Any CPU
		{64F416DF-44F6-4E88-8EF0-CD4E09127D9B}.Release|Any CPU.Build.0 = Release|Any CPU
		{802E664A-3544-47BB-94A8-96404B87748A}.Debug|Any CPU.ActiveCfg = Debug|Any CPU
		{802E664A-3544-47BB-94A8-96404B87748A}.Debug|Any CPU.Build.0 = Debug|Any CPU
		{802E664A-3544-47BB-94A8-96404B87748A}.Release|Any CPU.ActiveCfg = Release|Any CPU
		{802E664A-3544-47BB-94A8-96404B87748A}.Release|Any CPU.Build.0 = Release|Any CPU
		{83B9505B-03F0-4E0D-9483-4F0E5E41E184}.Debug|Any CPU.ActiveCfg = Debug|Any CPU
		{83B9505B-03F0-4E0D-9483-4F0E5E41E184}.Debug|Any CPU.Build.0 = Debug|Any CPU
		{83B9505B-03F0-4E0D-9483-4F0E5E41E184}.Release|Any CPU.ActiveCfg = Release|Any CPU
		{83B9505B-03F0-4E0D-9483-4F0E5E41E184}.Release|Any CPU.Build.0 = Release|Any CPU
	EndGlobalSection
	GlobalSection(SolutionProperties) = preSolution
		HideSolutionNode = FALSE
	EndGlobalSection
	GlobalSection(ExtensibilityGlobals) = postSolution
		SolutionGuid = {7AB5914A-28D2-468A-8F2D-3D40AFE33D3F}
	EndGlobalSection
EndGlobal
